
Microsoft Visual Studio Solution File, Format Version 12.00
# Visual Studio 15
VisualStudioVersion = 15.0.27130.2036
MinimumVisualStudioVersion = 10.0.40219.1
Project("{FAE04EC0-301F-11D3-BF4B-00C04F79EFBC}") = "HotelSurvey", "HotelSurvey\HotelSurvey.csproj", "{4C6F18E7-E964-4985-B796-25DD33C676A5}"
EndProject
Global
	GlobalSection(SolutionConfigurationPlatforms) = preSolution
		Debug|Any CPU = Debug|Any CPU
		Release|Any CPU = Release|Any CPU
	EndGlobalSection
	GlobalSection(ProjectConfigurationPlatforms) = postSolution
		{4C6F18E7-E964-4985-B796-25DD33C676A5}.Debug|Any CPU.ActiveCfg = Debug|Any CPU
		{4C6F18E7-E964-4985-B796-25DD33C676A5}.Debug|Any CPU.Build.0 = Debug|Any CPU
		{4C6F18E7-E964-4985-B796-25DD33C676A5}.Release|Any CPU.ActiveCfg = Release|Any CPU
		{4C6F18E7-E964-4985-B796-25DD33C676A5}.Release|Any CPU.Build.0 = Release|Any CPU
	EndGlobalSection
	GlobalSection(SolutionProperties) = preSolution
		HideSolutionNode = FALSE
	EndGlobalSection
	GlobalSection(ExtensibilityGlobals) = postSolution
		SolutionGuid = {5E2E5C7A-5C21-4BE5-B07E-A8B01824165B}
	EndGlobalSection
EndGlobal
